{
    "_readme": [
        "This file locks the dependencies of your project to a known state",
        "Read more about it at http://getcomposer.org/doc/01-basic-usage.md#composer-lock-the-lock-file",
        "This file is @generated automatically"
    ],
    "hash": "8b19f071e2cc81994764190d897ab901",
    "packages": [
        {
            "name": "braintree/braintree_php",
            "version": "2.27.1",
            "source": {
                "type": "git",
                "url": "https://github.com/braintree/braintree_php.git",
                "reference": "3cee3396c23c53668665a7f128482c39681e5e07"
            },
            "dist": {
                "type": "zip",
                "url": "https://api.github.com/repos/braintree/braintree_php/zipball/3cee3396c23c53668665a7f128482c39681e5e07",
                "reference": "3cee3396c23c53668665a7f128482c39681e5e07",
                "shasum": ""
            },
            "require": {
                "ext-curl": "*",
                "ext-dom": "*",
                "ext-hash": "*",
                "ext-openssl": "*",
                "ext-simplexml": "*",
                "ext-xmlwriter": "*",
                "php": ">=5.2.1"
            },
            "require-dev": {
                "phpunit/phpunit": "3.7.*"
            },
            "type": "library",
            "autoload": {
                "psr-0": {
                    "Braintree": "lib"
                }
            },
            "notification-url": "https://packagist.org/downloads/",
            "license": [
                "MIT"
            ],
            "authors": [
                {
                    "name": "Braintree Payment Solutions",
                    "homepage": "http://www.braintreepayments.com"
                }
            ],
            "description": "Braintree PHP Client Library",
            "time": "2014-04-24 18:38:53"
        },
        {
            "name": "zendframework/zend-filter",
            "version": "2.3.3",
            "target-dir": "Zend/Filter",
            "source": {
                "type": "git",
                "url": "https://github.com/zendframework/Component_ZendFilter.git",
                "reference": "98b8c2abfdc9009e4c0157e78c9f22bf2cebb693"
            },
            "dist": {
                "type": "zip",
                "url": "https://api.github.com/repos/zendframework/Component_ZendFilter/zipball/98b8c2abfdc9009e4c0157e78c9f22bf2cebb693",
                "reference": "98b8c2abfdc9009e4c0157e78c9f22bf2cebb693",
                "shasum": ""
            },
            "require": {
                "php": ">=5.3.23",
                "zendframework/zend-stdlib": "self.version"
            },
            "require-dev": {
                "zendframework/zend-crypt": "self.version",
                "zendframework/zend-servicemanager": "self.version",
                "zendframework/zend-uri": "self.version"
            },
            "suggest": {
                "zendframework/zend-crypt": "Zend\\Crypt component",
                "zendframework/zend-i18n": "Zend\\I18n component",
                "zendframework/zend-servicemanager": "Zend\\ServiceManager component",
                "zendframework/zend-uri": "Zend\\Uri component for UriNormalize filter"
            },
            "type": "library",
            "extra": {
                "branch-alias": {
                    "dev-master": "2.3-dev",
                    "dev-develop": "2.4-dev"
                }
            },
            "autoload": {
                "psr-0": {
                    "Zend\\Filter\\": ""
                }
            },
            "notification-url": "https://packagist.org/downloads/",
            "license": [
                "BSD-3-Clause"
            ],
            "description": "provides a set of commonly needed data filters",
            "homepage": "https://github.com/zendframework/zf2",
            "keywords": [
                "filter",
                "zf2"
            ],
            "time": "2014-09-16 22:58:11"
        },
        {
            "name": "zendframework/zend-form",
            "version": "2.3.3",
            "target-dir": "Zend/Form",
            "source": {
                "type": "git",
                "url": "https://github.com/zendframework/Component_ZendForm.git",
                "reference": "050da061de3df0ed866337a146333af341a157aa"
            },
            "dist": {
                "type": "zip",
                "url": "https://api.github.com/repos/zendframework/Component_ZendForm/zipball/050da061de3df0ed866337a146333af341a157aa",
                "reference": "050da061de3df0ed866337a146333af341a157aa",
                "shasum": ""
            },
            "require": {
                "php": ">=5.3.23",
                "zendframework/zend-inputfilter": "self.version",
                "zendframework/zend-stdlib": "self.version"
            },
            "require-dev": {
                "zendframework/zend-captcha": "self.version",
                "zendframework/zend-code": "self.version",
                "zendframework/zend-eventmanager": "self.version",
                "zendframework/zend-filter": "self.version",
                "zendframework/zend-i18n": "self.version",
                "zendframework/zend-servicemanager": "self.version",
                "zendframework/zend-validator": "self.version",
                "zendframework/zend-view": "self.version",
                "zendframework/zendservice-recaptcha": "*"
            },
            "suggest": {
                "zendframework/zend-captcha": "Zend\\Captcha component",
                "zendframework/zend-code": "Zend\\Code component",
                "zendframework/zend-eventmanager": "Zend\\EventManager component",
                "zendframework/zend-filter": "Zend\\Filter component",
                "zendframework/zend-i18n": "Zend\\I18n component",
                "zendframework/zend-servicemanager": "Zend\\ServiceManager component",
                "zendframework/zend-validator": "Zend\\Validator component",
                "zendframework/zend-view": "Zend\\View component",
                "zendframework/zendservice-recaptcha": "ZendService\\ReCaptcha component"
            },
            "type": "library",
            "extra": {
                "branch-alias": {
                    "dev-master": "2.3-dev",
                    "dev-develop": "2.4-dev"
                }
            },
            "autoload": {
                "psr-0": {
                    "Zend\\Form\\": ""
                }
            },
            "notification-url": "https://packagist.org/downloads/",
            "license": [
                "BSD-3-Clause"
            ],
            "homepage": "https://github.com/zendframework/zf2",
            "keywords": [
                "form",
                "zf2"
            ],
            "time": "2014-09-16 22:58:11"
        },
        {
            "name": "zendframework/zend-i18n",
            "version": "2.3.3",
            "target-dir": "Zend/I18n",
            "source": {
                "type": "git",
                "url": "https://github.com/zendframework/Component_ZendI18n.git",
                "reference": "7939bd8eaa573f10fe33a799714199ed7c1fad5c"
            },
            "dist": {
                "type": "zip",
                "url": "https://api.github.com/repos/zendframework/Component_ZendI18n/zipball/7939bd8eaa573f10fe33a799714199ed7c1fad5c",
                "reference": "7939bd8eaa573f10fe33a799714199ed7c1fad5c",
                "shasum": ""
            },
            "require": {
                "php": ">=5.3.23",
                "zendframework/zend-stdlib": "self.version"
            },
            "require-dev": {
                "zendframework/zend-cache": "self.version",
                "zendframework/zend-config": "self.version",
                "zendframework/zend-eventmanager": "self.version",
                "zendframework/zend-filter": "self.version",
                "zendframework/zend-servicemanager": "self.version",
                "zendframework/zend-validator": "self.version",
                "zendframework/zend-view": "self.version"
            },
            "suggest": {
                "ext-intl": "Required for most features of Zend\\I18n; included in default builds of PHP",
                "zendframework/zend-cache": "Zend\\Cache component",
                "zendframework/zend-config": "Zend\\Config component",
                "zendframework/zend-eventmanager": "You should install this package to use the events in the translator",
                "zendframework/zend-filter": "You should install this package to use the provided filters",
                "zendframework/zend-resources": "Translation resources",
                "zendframework/zend-servicemanager": "Zend\\ServiceManager component",
                "zendframework/zend-validator": "You should install this package to use the provided validators",
                "zendframework/zend-view": "You should install this package to use the provided view helpers"
            },
            "type": "library",
            "extra": {
                "branch-alias": {
                    "dev-master": "2.3-dev",
                    "dev-develop": "2.4-dev"
                }
            },
            "autoload": {
                "psr-0": {
                    "Zend\\I18n\\": ""
                }
            },
            "notification-url": "https://packagist.org/downloads/",
            "license": [
                "BSD-3-Clause"
            ],
            "homepage": "https://github.com/zendframework/zf2",
            "keywords": [
                "i18n",
                "zf2"
            ],
            "time": "2014-09-16 22:58:11"
        },
        {
            "name": "zendframework/zend-inputfilter",
            "version": "2.3.3",
            "target-dir": "Zend/InputFilter",
            "source": {
                "type": "git",
                "url": "https://github.com/zendframework/Component_ZendInputFilter.git",
                "reference": "f7ad5e3d693854344ea658a9c8a6fe6219bf0ef7"
            },
            "dist": {
                "type": "zip",
                "url": "https://api.github.com/repos/zendframework/Component_ZendInputFilter/zipball/f7ad5e3d693854344ea658a9c8a6fe6219bf0ef7",
                "reference": "f7ad5e3d693854344ea658a9c8a6fe6219bf0ef7",
                "shasum": ""
            },
            "require": {
                "php": ">=5.3.23",
                "zendframework/zend-filter": "self.version",
                "zendframework/zend-stdlib": "self.version",
                "zendframework/zend-validator": "self.version"
            },
            "require-dev": {
                "zendframework/zend-servicemanager": "self.version"
            },
            "suggest": {
                "zendframework/zend-servicemanager": "To support plugin manager support"
            },
            "type": "library",
            "extra": {
                "branch-alias": {
                    "dev-master": "2.3-dev",
                    "dev-develop": "2.4-dev"
                }
            },
            "autoload": {
                "psr-0": {
                    "Zend\\InputFilter\\": ""
                }
            },
            "notification-url": "https://packagist.org/downloads/",
            "license": [
                "BSD-3-Clause"
            ],
            "homepage": "https://github.com/zendframework/zf2",
            "keywords": [
                "inputfilter",
                "zf2"
            ],
            "time": "2014-09-16 22:58:11"
        },
        {
            "name": "zendframework/zend-servicemanager",
            "version": "2.3.3",
            "target-dir": "Zend/ServiceManager",
            "source": {
                "type": "git",
                "url": "https://github.com/zendframework/Component_ZendServiceManager.git",
                "reference": "559403e4fd10db2516641f20f129a568d7e6a993"
            },
            "dist": {
                "type": "zip",
                "url": "https://api.github.com/repos/zendframework/Component_ZendServiceManager/zipball/559403e4fd10db2516641f20f129a568d7e6a993",
                "reference": "559403e4fd10db2516641f20f129a568d7e6a993",
                "shasum": ""
            },
            "require": {
                "php": ">=5.3.23"
            },
            "require-dev": {
                "zendframework/zend-di": "self.version"
            },
            "suggest": {
                "zendframework/zend-di": "Zend\\Di component"
            },
            "type": "library",
            "extra": {
                "branch-alias": {
                    "dev-master": "2.3-dev",
                    "dev-develop": "2.4-dev"
                }
            },
            "autoload": {
                "psr-0": {
                    "Zend\\ServiceManager\\": ""
                }
            },
            "notification-url": "https://packagist.org/downloads/",
            "license": [
                "BSD-3-Clause"
            ],
            "homepage": "https://github.com/zendframework/zf2",
            "keywords": [
                "servicemanager",
                "zf2"
            ],
            "time": "2014-09-16 22:58:11"
        },
        {
            "name": "zendframework/zend-stdlib",
            "version": "2.3.3",
            "target-dir": "Zend/Stdlib",
            "source": {
                "type": "git",
                "url": "https://github.com/zendframework/Component_ZendStdlib.git",
                "reference": "fa33e6647f830d0d2a1cb451efcdfe1bb9a66c33"
            },
            "dist": {
                "type": "zip",
                "url": "https://api.github.com/repos/zendframework/Component_ZendStdlib/zipball/fa33e6647f830d0d2a1cb451efcdfe1bb9a66c33",
                "reference": "fa33e6647f830d0d2a1cb451efcdfe1bb9a66c33",
                "shasum": ""
            },
            "require": {
                "php": ">=5.3.23"
            },
            "require-dev": {
                "zendframework/zend-eventmanager": "self.version",
                "zendframework/zend-serializer": "self.version",
                "zendframework/zend-servicemanager": "self.version"
            },
            "suggest": {
                "zendframework/zend-eventmanager": "To support aggregate hydrator usage",
                "zendframework/zend-serializer": "Zend\\Serializer component",
                "zendframework/zend-servicemanager": "To support hydrator plugin manager usage"
            },
            "type": "library",
            "extra": {
                "branch-alias": {
                    "dev-master": "2.3-dev",
                    "dev-develop": "2.4-dev"
                }
            },
            "autoload": {
                "psr-0": {
                    "Zend\\Stdlib\\": ""
                }
            },
            "notification-url": "https://packagist.org/downloads/",
            "license": [
                "BSD-3-Clause"
            ],
            "homepage": "https://github.com/zendframework/zf2",
            "keywords": [
                "stdlib",
                "zf2"
            ],
            "time": "2014-09-16 22:58:11"
        },
        {
            "name": "zendframework/zend-validator",
            "version": "2.3.3",
            "target-dir": "Zend/Validator",
            "source": {
                "type": "git",
                "url": "https://github.com/zendframework/Component_ZendValidator.git",
                "reference": "2881dfaff8452d8cbdaa8ad8a9faccce9843fc6a"
            },
            "dist": {
                "type": "zip",
                "url": "https://api.github.com/repos/zendframework/Component_ZendValidator/zipball/2881dfaff8452d8cbdaa8ad8a9faccce9843fc6a",
                "reference": "2881dfaff8452d8cbdaa8ad8a9faccce9843fc6a",
                "shasum": ""
            },
            "require": {
                "php": ">=5.3.23",
                "zendframework/zend-stdlib": "self.version"
            },
            "require-dev": {
                "zendframework/zend-db": "self.version",
                "zendframework/zend-filter": "self.version",
                "zendframework/zend-i18n": "self.version",
                "zendframework/zend-math": "self.version",
                "zendframework/zend-servicemanager": "self.version",
                "zendframework/zend-session": "self.version",
                "zendframework/zend-uri": "self.version"
            },
            "suggest": {
                "zendframework/zend-db": "Zend\\Db component",
                "zendframework/zend-filter": "Zend\\Filter component, required by the Digits validator",
                "zendframework/zend-i18n": "Zend\\I18n component to allow translation of validation error messages as well as to use the various Date validators",
                "zendframework/zend-math": "Zend\\Math component",
                "zendframework/zend-resources": "Translations of validator messages",
                "zendframework/zend-servicemanager": "Zend\\ServiceManager component to allow using the ValidatorPluginManager and validator chains",
                "zendframework/zend-session": "Zend\\Session component",
                "zendframework/zend-uri": "Zend\\Uri component, required by the Uri and Sitemap\\Loc validators"
            },
            "type": "library",
            "extra": {
                "branch-alias": {
                    "dev-master": "2.3-dev",
                    "dev-develop": "2.4-dev"
                }
            },
            "autoload": {
                "psr-0": {
                    "Zend\\Validator\\": ""
                }
            },
            "notification-url": "https://packagist.org/downloads/",
            "license": [
                "BSD-3-Clause"
            ],
            "description": "provides a set of commonly needed validators",
            "homepage": "https://github.com/zendframework/zf2",
            "keywords": [
                "validator",
                "zf2"
            ],
            "time": "2014-09-16 22:58:11"
        }
    ],
    "packages-dev": [],
    "aliases": [],
    "minimum-stability": "stable",
    "stability-flags": [],
    "prefer-stable": false,
    "platform": {
        "php": ">=5.3.3"
    },
    "platform-dev": []
}
